
Microsoft Visual Studio Solution File, Format Version 12.00
# Visual Studio Version 16
VisualStudioVersion = 16.0.31911.196
MinimumVisualStudioVersion = 10.0.40219.1
Project("{FAE04EC0-301F-11D3-BF4B-00C04F79EFBC}") = "CRUD Operations In ASP.NET MVC 5 Using ADO.NET", "CRUD Operations In ASP.NET MVC 5 Using ADO.NET.csproj", "{CF9DC599-0B12-48D7-98E6-87746F5FCFE0}"
EndProject
Global
	GlobalSection(SolutionConfigurationPlatforms) = preSolution
		Debug|Any CPU = Debug|Any CPU
		Release|Any CPU = Release|Any CPU
	EndGlobalSection
	GlobalSection(ProjectConfigurationPlatforms) = postSolution
		{CF9DC599-0B12-48D7-98E6-87746F5FCFE0}.Debug|Any CPU.ActiveCfg = Debug|Any CPU
		{CF9DC599-0B12-48D7-98E6-87746F5FCFE0}.Debug|Any CPU.Build.0 = Debug|Any CPU
		{CF9DC599-0B12-48D7-98E6-87746F5FCFE0}.Release|Any CPU.ActiveCfg = Release|Any CPU
		{CF9DC599-0B12-48D7-98E6-87746F5FCFE0}.Release|Any CPU.Build.0 = Release|Any CPU
	EndGlobalSection
	GlobalSection(SolutionProperties) = preSolution
		HideSolutionNode = FALSE
	EndGlobalSection
	GlobalSection(ExtensibilityGlobals) = postSolution
		SolutionGuid = {0BE86926-19E3-46D2-A0C2-A36A76CBFE74}
	EndGlobalSection
EndGlobal
